{
  "object": {
    "pins": [
      {
        "package": "SnapKit",
        "repositoryURL": "https://github.com/SnapKit/SnapKit.git",
        "state": {
          "branch": null,
          "revision": "d458564516e5676af9c70b4f4b2a9178294f1bc6",
          "version": "5.0.1"
        }
      },
      {
        "package": "SwiftLayout",
        "repositoryURL": "https://github.com/ioskrew/SwiftLayout",
        "state": {
          "branch": "develop",
          "revision": "9e6909d0e9f651107b807fc8225b0e20ae44b394",
          "version": null
        }
      }
    ]
  },
  "version": 1
}
